// !$*UTF8*$!
{
	archiveVersion = 1;
	classes = {
	};
	objectVersion = 46;
	objects = {

/* Begin PBXBuildFile section */
		C3B3AEBD1E043AC200DEFDE0 /* main.m in Sources */ = {isa = PBXBuildFile; fileRef = C3B3AEBC1E043AC200DEFDE0 /* main.m */; };
		C3B3AEC51E0826BE00DEFDE0 /* Position.m in Sources */ = {isa = PBXBuildFile; fileRef = C3B3AEC41E0826BE00DEFDE0 /* Position.m */; };
		C3B3AECD1E084E2F00DEFDE0 /* testPosition.m in Sources */ = {isa = PBXBuildFile; fileRef = C3B3AECC1E084E2F00DEFDE0 /* testPosition.m */; };
/* End PBXBuildFile section */

/* Begin PBXCopyFilesBuildPhase section */
		C3B3AEB71E043AC100DEFDE0 /* CopyFiles */ = {
			isa = PBXCopyFilesBuildPhase;
			buildActionMask = 2147483647;
			dstPath = /usr/share/man/man1/;
			dstSubfolderSpec = 0;
			files = (
			);
			runOnlyForDeploymentPostprocessing = 1;
		};
/* End PBXCopyFilesBuildPhase section */

/* Begin PBXFileReference section */
		C3B3AEB91E043AC200DEFDE0 /* Objective-C_Project-1 */ = {isa = PBXFileReference; explicitFileType = "compiled.mach-o.executable"; includeInIndex = 0; path = "Objective-C_Project-1"; sourceTree = BUILT_PRODUCTS_DIR; };
		C3B3AEBC1E043AC200DEFDE0 /* main.m */ = {isa = PBXFileReference; lastKnownFileType = sourcecode.c.objc; path = main.m; sourceTree = "<group>"; };
		C3B3AEC31E0826BE00DEFDE0 /* Position.h */ = {isa = PBXFileReference; fileEncoding = 4; lastKnownFileType = sourcecode.c.h; path = Position.h; sourceTree = "<group>"; };
		C3B3AEC41E0826BE00DEFDE0 /* Position.m */ = {isa = PBXFileReference; fileEncoding = 4; lastKnownFileType = sourcecode.c.objc; path = Position.m; sourceTree = "<group>"; };
		C3B3AECA1E084E2F00DEFDE0 /* testPosition.xctest */ = {isa = PBXFileReference; explicitFileType = wrapper.cfbundle; includeInIndex = 0; path = testPosition.xctest; sourceTree = BUILT_PRODUCTS_DIR; };
		C3B3AECC1E084E2F00DEFDE0 /* testPosition.m */ = {isa = PBXFileReference; lastKnownFileType = sourcecode.c.objc; path = testPosition.m; sourceTree = "<group>"; };
		C3B3AECE1E084E2F00DEFDE0 /* Info.plist */ = {isa = PBXFileReference; lastKnownFileType = text.plist.xml; path = Info.plist; sourceTree = "<group>"; };
/* End PBXFileReference section */

/* Begin PBXFrameworksBuildPhase section */
		C3B3AEB61E043AC100DEFDE0 /* Frameworks */ = {
			isa = PBXFrameworksBuildPhase;
			buildActionMask = 2147483647;
			files = (
			);
			runOnlyForDeploymentPostprocessing = 0;
		};
		C3B3AEC71E084E2F00DEFDE0 /* Frameworks */ = {
			isa = PBXFrameworksBuildPhase;
			buildActionMask = 2147483647;
			files = (
			);
			runOnlyForDeploymentPostprocessing = 0;
		};
/* End PBXFrameworksBuildPhase section */

/* Begin PBXGroup section */
		C3B3AEB01E043AC100DEFDE0 = {
			isa = PBXGroup;
			children = (
				C3B3AEBB1E043AC200DEFDE0 /* Objective-C_Project-1 */,
				C3B3AECB1E084E2F00DEFDE0 /* testPosition */,
				C3B3AEBA1E043AC200DEFDE0 /* Products */,
			);
			sourceTree = "<group>";
		};
		C3B3AEBA1E043AC200DEFDE0 /* Products */ = {
			isa = PBXGroup;
			children = (
				C3B3AEB91E043AC200DEFDE0 /* Objective-C_Project-1 */,
				C3B3AECA1E084E2F00DEFDE0 /* testPosition.xctest */,
			);
			name = Products;
			sourceTree = "<group>";
		};
		C3B3AEBB1E043AC200DEFDE0 /* Objective-C_Project-1 */ = {
			isa = PBXGroup;
			children = (
				C3B3AEBC1E043AC200DEFDE0 /* main.m */,
				C3B3AEC31E0826BE00DEFDE0 /* Position.h */,
				C3B3AEC41E0826BE00DEFDE0 /* Position.m */,
			);
			path = "Objective-C_Project-1";
			sourceTree = "<group>";
		};
		C3B3AECB1E084E2F00DEFDE0 /* testPosition */ = {
			isa = PBXGroup;
			children = (
				C3B3AECC1E084E2F00DEFDE0 /* testPosition.m */,
				C3B3AECE1E084E2F00DEFDE0 /* Info.plist */,
			);
			path = testPosition;
			sourceTree = "<group>";
		};
/* End PBXGroup section */

/* Begin PBXNativeTarget section */
		C3B3AEB81E043AC100DEFDE0 /* Objective-C_Project-1 */ = {
			isa = PBXNativeTarget;
			buildConfigurationList = C3B3AEC01E043AC200DEFDE0 /* Build configuration list for PBXNativeTarget "Objective-C_Project-1" */;
			buildPhases = (
				C3B3AEB51E043AC100DEFDE0 /* Sources */,
				C3B3AEB61E043AC100DEFDE0 /* Frameworks */,
				C3B3AEB71E043AC100DEFDE0 /* CopyFiles */,
			);
			buildRules = (
			);
			dependencies = (
			);
			name = "Objective-C_Project-1";
			productName = "Objective-C_Project-1";
			productReference = C3B3AEB91E043AC200DEFDE0 /* Objective-C_Project-1 */;
			productType = "com.apple.product-type.tool";
		};
		C3B3AEC91E084E2F00DEFDE0 /* testPosition */ = {
			isa = PBXNativeTarget;
			buildConfigurationList = C3B3AECF1E084E2F00DEFDE0 /* Build configuration list for PBXNativeTarget "testPosition" */;
			buildPhases = (
				C3B3AEC61E084E2F00DEFDE0 /* Sources */,
				C3B3AEC71E084E2F00DEFDE0 /* Frameworks */,
				C3B3AEC81E084E2F00DEFDE0 /* Resources */,
			);
			buildRules = (
			);
			dependencies = (
			);
			name = testPosition;
			productName = testPosition;
			productReference = C3B3AECA1E084E2F00DEFDE0 /* testPosition.xctest */;
			productType = "com.apple.product-type.bundle.unit-test";
		};
/* End PBXNativeTarget section */

/* Begin PBXProject section */
		C3B3AEB11E043AC100DEFDE0 /* Project object */ = {
			isa = PBXProject;
			attributes = {
				LastUpgradeCheck = 0820;
				ORGANIZATIONNAME = "TDA-Training";
				TargetAttributes = {
					C3B3AEB81E043AC100DEFDE0 = {
						CreatedOnToolsVersion = 8.2;
						ProvisioningStyle = Automatic;
					};
					C3B3AEC91E084E2F00DEFDE0 = {
						CreatedOnToolsVersion = 8.2;
						ProvisioningStyle = Automatic;
					};
				};
			};
			buildConfigurationList = C3B3AEB41E043AC100DEFDE0 /* Build configuration list for PBXProject "Objective-C_Project-1" */;
			compatibilityVersion = "Xcode 3.2";
			developmentRegion = English;
			hasScannedForEncodings = 0;
			knownRegions = (
				en,
			);
			mainGroup = C3B3AEB01E043AC100DEFDE0;
			productRefGroup = C3B3AEBA1E043AC200DEFDE0 /* Products */;
			projectDirPath = "";
			projectRoot = "";
			targets = (
				C3B3AEB81E043AC100DEFDE0 /* Objective-C_Project-1 */,
				C3B3AEC91E084E2F00DEFDE0 /* testPosition */,
			);
		};
/* End PBXProject section */

/* Begin PBXResourcesBuildPhase section */
		C3B3AEC81E084E2F00DEFDE0 /* Resources */ = {
			isa = PBXResourcesBuildPhase;
			buildActionMask = 2147483647;
			files = (
			);
			runOnlyForDeploymentPostprocessing = 0;
		};
/* End PBXResourcesBuildPhase section */

/* Begin PBXSourcesBuildPhase section */
		C3B3AEB51E043AC100DEFDE0 /* Sources */ = {
			isa = PBXSourcesBuildPhase;
			buildActionMask = 2147483647;
			files = (
				C3B3AEC51E0826BE00DEFDE0 /* Position.m in Sources */,
				C3B3AEBD1E043AC200DEFDE0 /* main.m in Sources */,
			);
			runOnlyForDeploymentPostprocessing = 0;
		};
		C3B3AEC61E084E2F00DEFDE0 /* Sources */ = {
			isa = PBXSourcesBuildPhase;
			buildActionMask = 2147483647;
			files = (
				C3B3AECD1E084E2F00DEFDE0 /* testPosition.m in Sources */,
			);
			runOnlyForDeploymentPostprocessing = 0;
		};
/* End PBXSourcesBuildPhase section */

/* Begin XCBuildConfiguration section */
		C3B3AEBE1E043AC200DEFDE0 /* Debug */ = {
			isa = XCBuildConfiguration;
			buildSettings = {
				ALWAYS_SEARCH_USER_PATHS = NO;
				CLANG_ANALYZER_NONNULL = YES;
				CLANG_CXX_LANGUAGE_STANDARD = "gnu++0x";
				CLANG_CXX_LIBRARY = "libc++";
				CLANG_ENABLE_MODULES = YES;
				CLANG_ENABLE_OBJC_ARC = YES;
				CLANG_WARN_BOOL_CONVERSION = YES;
				CLANG_WARN_CONSTANT_CONVERSION = YES;
				CLANG_WARN_DIRECT_OBJC_ISA_USAGE = YES_ERROR;
				CLANG_WARN_DOCUMENTATION_COMMENTS = YES;
				CLANG_WARN_EMPTY_BODY = YES;
				CLANG_WARN_ENUM_CONVERSION = YES;
				CLANG_WARN_INFINITE_RECURSION = YES;
				CLANG_WARN_INT_CONVERSION = YES;
				CLANG_WARN_OBJC_ROOT_CLASS = YES_ERROR;
				CLANG_WARN_SUSPICIOUS_MOVE = YES;
				CLANG_WARN_UNREACHABLE_CODE = YES;
				CLANG_WARN__DUPLICATE_METHOD_MATCH = YES;
				CODE_SIGN_IDENTITY = "-";
				COPY_PHASE_STRIP = NO;
				DEBUG_INFORMATION_FORMAT = dwarf;
				ENABLE_STRICT_OBJC_MSGSEND = YES;
				ENABLE_TESTABILITY = YES;
				GCC_C_LANGUAGE_STANDARD = gnu99;
				GCC_DYNAMIC_NO_PIC = NO;
				GCC_NO_COMMON_BLOCKS = YES;
				GCC_OPTIMIZATION_LEVEL = 0;
				GCC_PREPROCESSOR_DEFINITIONS = (
					"DEBUG=1",
					"$(inherited)",
				);
				GCC_WARN_64_TO_32_BIT_CONVERSION = YES;
				GCC_WARN_ABOUT_RETURN_TYPE = YES_ERROR;
				GCC_WARN_UNDECLARED_SELECTOR = YES;
				GCC_WARN_UNINITIALIZED_AUTOS = YES_AGGRESSIVE;
				GCC_WARN_UNUSED_FUNCTION = YES;
				GCC_WARN_UNUSED_VARIABLE = YES;
				MACOSX_DEPLOYMENT_TARGET = 10.11;
				MTL_ENABLE_DEBUG_INFO = YES;
				ONLY_ACTIVE_ARCH = YES;
				SDKROOT = macosx;
			};
			name = Debug;
		};
		C3B3AEBF1E043AC200DEFDE0 /* Release */ = {
			isa = XCBuildConfiguration;
			buildSettings = {
				ALWAYS_SEARCH_USER_PATHS = NO;
				CLANG_ANALYZER_NONNULL = YES;
				CLANG_CXX_LANGUAGE_STANDARD = "gnu++0x";
				CLANG_CXX_LIBRARY = "libc++";
				CLANG_ENABLE_MODULES = YES;
				CLANG_ENABLE_OBJC_ARC = YES;
				CLANG_WARN_BOOL_CONVERSION = YES;
				CLANG_WARN_CONSTANT_CONVERSION = YES;
				CLANG_WARN_DIRECT_OBJC_ISA_USAGE = YES_ERROR;
				CLANG_WARN_DOCUMENTATION_COMMENTS = YES;
				CLANG_WARN_EMPTY_BODY = YES;
				CLANG_WARN_ENUM_CONVERSION = YES;
				CLANG_WARN_INFINITE_RECURSION = YES;
				CLANG_WARN_INT_CONVERSION = YES;
				CLANG_WARN_OBJC_ROOT_CLASS = YES_ERROR;
				CLANG_WARN_SUSPICIOUS_MOVE = YES;
				CLANG_WARN_UNREACHABLE_CODE = YES;
				CLANG_WARN__DUPLICATE_METHOD_MATCH = YES;
				CODE_SIGN_IDENTITY = "-";
				COPY_PHASE_STRIP = NO;
				DEBUG_INFORMATION_FORMAT = "dwarf-with-dsym";
				ENABLE_NS_ASSERTIONS = NO;
				ENABLE_STRICT_OBJC_MSGSEND = YES;
				GCC_C_LANGUAGE_STANDARD = gnu99;
				GCC_NO_COMMON_BLOCKS = YES;
				GCC_WARN_64_TO_32_BIT_CONVERSION = YES;
				GCC_WARN_ABOUT_RETURN_TYPE = YES_ERROR;
				GCC_WARN_UNDECLARED_SELECTOR = YES;
				GCC_WARN_UNINITIALIZED_AUTOS = YES_AGGRESSIVE;
				GCC_WARN_UNUSED_FUNCTION = YES;
				GCC_WARN_UNUSED_VARIABLE = YES;
				MACOSX_DEPLOYMENT_TARGET = 10.11;
				MTL_ENABLE_DEBUG_INFO = NO;
				SDKROOT = macosx;
			};
			name = Release;
		};
		C3B3AEC11E043AC200DEFDE0 /* Debug */ = {
			isa = XCBuildConfiguration;
			buildSettings = {
				PRODUCT_NAME = "$(TARGET_NAME)";
			};
			name = Debug;
		};
		C3B3AEC21E043AC200DEFDE0 /* Release */ = {
			isa = XCBuildConfiguration;
			buildSettings = {
				PRODUCT_NAME = "$(TARGET_NAME)";
			};
			name = Release;
		};
		C3B3AED01E084E2F00DEFDE0 /* Debug */ = {
			isa = XCBuildConfiguration;
			buildSettings = {
				COMBINE_HIDPI_IMAGES = YES;
				INFOPLIST_FILE = testPosition/Info.plist;
				LD_RUNPATH_SEARCH_PATHS = "$(inherited) @executable_path/../Frameworks @loader_path/../Frameworks";
				PRODUCT_BUNDLE_IDENTIFIER = com.testPosition;
				PRODUCT_NAME = "$(TARGET_NAME)";
			};
			name = Debug;
		};
		C3B3AED11E084E2F00DEFDE0 /* Release */ = {
			isa = XCBuildConfiguration;
			buildSettings = {
				COMBINE_HIDPI_IMAGES = YES;
				INFOPLIST_FILE = testPosition/Info.plist;
				LD_RUNPATH_SEARCH_PATHS = "$(inherited) @executable_path/../Frameworks @loader_path/../Frameworks";
				PRODUCT_BUNDLE_IDENTIFIER = com.testPosition;
				PRODUCT_NAME = "$(TARGET_NAME)";
			};
			name = Release;
		};
/* End XCBuildConfiguration section */

/* Begin XCConfigurationList section */
		C3B3AEB41E043AC100DEFDE0 /* Build configuration list for PBXProject "Objective-C_Project-1" */ = {
			isa = XCConfigurationList;
			buildConfigurations = (
				C3B3AEBE1E043AC200DEFDE0 /* Debug */,
				C3B3AEBF1E043AC200DEFDE0 /* Release */,
			);
			defaultConfigurationIsVisible = 0;
			defaultConfigurationName = Release;
		};
		C3B3AEC01E043AC200DEFDE0 /* Build configuration list for PBXNativeTarget "Objective-C_Project-1" */ = {
			isa = XCConfigurationList;
			buildConfigurations = (
				C3B3AEC11E043AC200DEFDE0 /* Debug */,
				C3B3AEC21E043AC200DEFDE0 /* Release */,
			);
			defaultConfigurationIsVisible = 0;
		};
		C3B3AECF1E084E2F00DEFDE0 /* Build configuration list for PBXNativeTarget "testPosition" */ = {
			isa = XCConfigurationList;
			buildConfigurations = (
				C3B3AED01E084E2F00DEFDE0 /* Debug */,
				C3B3AED11E084E2F00DEFDE0 /* Release */,
			);
			defaultConfigurationIsVisible = 0;
		};
/* End XCConfigurationList section */
	};
	rootObject = C3B3AEB11E043AC100DEFDE0 /* Project object */;
}
